
Microsoft Visual Studio Solution File, Format Version 12.00
# Visual Studio 15
VisualStudioVersion = 15.0.26730.3
MinimumVisualStudioVersion = 10.0.40219.1
Project("{9A19103F-16F7-4668-BE54-9A1E7A4F7556}") = "TTYTBienHoa", "TTYTBienHoa\TTYTBienHoa.csproj", "{F9F7C2AE-D651-42AC-886D-819F4A7A1BA2}"
EndProject
Project("{FAE04EC0-301F-11D3-BF4B-00C04F79EFBC}") = "TTYT.infrastructure", "TTYT.infrastructure\TTYT.infrastructure.csproj", "{06531C9B-7DD5-4B53-AD4A-C6A17037CF4F}"
EndProject
Project("{FAE04EC0-301F-11D3-BF4B-00C04F79EFBC}") = "TTYT.Utilities", "TTYT.Utilities\TTYT.Utilities.csproj", "{47358C48-6F40-4E81-9251-9A0229DB0CB9}"
EndProject
Project("{FAE04EC0-301F-11D3-BF4B-00C04F79EFBC}") = "TTYT.Data", "TTYT.Data\TTYT.Data.csproj", "{A9374636-5225-46F0-B7BF-9AB2B2C50C9B}"
EndProject
Project("{FAE04EC0-301F-11D3-BF4B-00C04F79EFBC}") = "TTYT.Data.EF", "TTYT.Data.EF\TTYT.Data.EF.csproj", "{33D1368A-DA47-47FD-9A16-9131719695CD}"
EndProject
Project("{FAE04EC0-301F-11D3-BF4B-00C04F79EFBC}") = "TTYT.Application", "TTYT.Application\TTYT.Application.csproj", "{6D6CC2C9-CEC9-4A52-A0C7-FC42F262532E}"
EndProject
Project("{2150E333-8FDC-42A3-9474-1A3956D46DE8}") = "1 - Presentation", "1 - Presentation", "{0AFCEDB9-8392-4CD4-9133-ACFAA6F1B0D3}"
EndProject
Project("{2150E333-8FDC-42A3-9474-1A3956D46DE8}") = "2 - Application", "2 - Application", "{9ECE7533-4185-40FB-A2A3-0FEA07FDB0FD}"
EndProject
Project("{2150E333-8FDC-42A3-9474-1A3956D46DE8}") = "3 - Domain", "3 - Domain", "{F0DD0E00-FA57-4B7C-A468-C4EDE9538225}"
EndProject
Project("{2150E333-8FDC-42A3-9474-1A3956D46DE8}") = "4 - Infrastructure", "4 - Infrastructure", "{FD54F944-0505-4ECF-BF84-C17F8F6D33B4}"
EndProject
Global
	GlobalSection(SolutionConfigurationPlatforms) = preSolution
		Debug|Any CPU = Debug|Any CPU
		Release|Any CPU = Release|Any CPU
	EndGlobalSection
	GlobalSection(ProjectConfigurationPlatforms) = postSolution
		{F9F7C2AE-D651-42AC-886D-819F4A7A1BA2}.Debug|Any CPU.ActiveCfg = Debug|Any CPU
		{F9F7C2AE-D651-42AC-886D-819F4A7A1BA2}.Debug|Any CPU.Build.0 = Debug|Any CPU
		{F9F7C2AE-D651-42AC-886D-819F4A7A1BA2}.Release|Any CPU.ActiveCfg = Release|Any CPU
		{F9F7C2AE-D651-42AC-886D-819F4A7A1BA2}.Release|Any CPU.Build.0 = Release|Any CPU
		{06531C9B-7DD5-4B53-AD4A-C6A17037CF4F}.Debug|Any CPU.ActiveCfg = Debug|Any CPU
		{06531C9B-7DD5-4B53-AD4A-C6A17037CF4F}.Debug|Any CPU.Build.0 = Debug|Any CPU
		{06531C9B-7DD5-4B53-AD4A-C6A17037CF4F}.Release|Any CPU.ActiveCfg = Release|Any CPU
		{06531C9B-7DD5-4B53-AD4A-C6A17037CF4F}.Release|Any CPU.Build.0 = Release|Any CPU
		{47358C48-6F40-4E81-9251-9A0229DB0CB9}.Debug|Any CPU.ActiveCfg = Debug|Any CPU
		{47358C48-6F40-4E81-9251-9A0229DB0CB9}.Debug|Any CPU.Build.0 = Debug|Any CPU
		{47358C48-6F40-4E81-9251-9A0229DB0CB9}.Release|Any CPU.ActiveCfg = Release|Any CPU
		{47358C48-6F40-4E81-9251-9A0229DB0CB9}.Release|Any CPU.Build.0 = Release|Any CPU
		{A9374636-5225-46F0-B7BF-9AB2B2C50C9B}.Debug|Any CPU.ActiveCfg = Debug|Any CPU
		{A9374636-5225-46F0-B7BF-9AB2B2C50C9B}.Debug|Any CPU.Build.0 = Debug|Any CPU
		{A9374636-5225-46F0-B7BF-9AB2B2C50C9B}.Release|Any CPU.ActiveCfg = Release|Any CPU
		{A9374636-5225-46F0-B7BF-9AB2B2C50C9B}.Release|Any CPU.Build.0 = Release|Any CPU
		{33D1368A-DA47-47FD-9A16-9131719695CD}.Debug|Any CPU.ActiveCfg = Debug|Any CPU
		{33D1368A-DA47-47FD-9A16-9131719695CD}.Debug|Any CPU.Build.0 = Debug|Any CPU
		{33D1368A-DA47-47FD-9A16-9131719695CD}.Release|Any CPU.ActiveCfg = Release|Any CPU
		{33D1368A-DA47-47FD-9A16-9131719695CD}.Release|Any CPU.Build.0 = Release|Any CPU
		{6D6CC2C9-CEC9-4A52-A0C7-FC42F262532E}.Debug|Any CPU.ActiveCfg = Debug|Any CPU
		{6D6CC2C9-CEC9-4A52-A0C7-FC42F262532E}.Debug|Any CPU.Build.0 = Debug|Any CPU
		{6D6CC2C9-CEC9-4A52-A0C7-FC42F262532E}.Release|Any CPU.ActiveCfg = Release|Any CPU
		{6D6CC2C9-CEC9-4A52-A0C7-FC42F262532E}.Release|Any CPU.Build.0 = Release|Any CPU
	EndGlobalSection
	GlobalSection(SolutionProperties) = preSolution
		HideSolutionNode = FALSE
	EndGlobalSection
	GlobalSection(NestedProjects) = preSolution
		{F9F7C2AE-D651-42AC-886D-819F4A7A1BA2} = {0AFCEDB9-8392-4CD4-9133-ACFAA6F1B0D3}
		{06531C9B-7DD5-4B53-AD4A-C6A17037CF4F} = {FD54F944-0505-4ECF-BF84-C17F8F6D33B4}
		{47358C48-6F40-4E81-9251-9A0229DB0CB9} = {FD54F944-0505-4ECF-BF84-C17F8F6D33B4}
		{A9374636-5225-46F0-B7BF-9AB2B2C50C9B} = {F0DD0E00-FA57-4B7C-A468-C4EDE9538225}
		{33D1368A-DA47-47FD-9A16-9131719695CD} = {F0DD0E00-FA57-4B7C-A468-C4EDE9538225}
		{6D6CC2C9-CEC9-4A52-A0C7-FC42F262532E} = {9ECE7533-4185-40FB-A2A3-0FEA07FDB0FD}
	EndGlobalSection
	GlobalSection(ExtensibilityGlobals) = postSolution
		SolutionGuid = {30DC71EE-1CF6-42FD-85FB-7033DF1C8C25}
	EndGlobalSection
EndGlobal
